
Microsoft Visual Studio Solution File, Format Version 12.00
# Visual Studio Version 17
VisualStudioVersion = 17.10.35027.167
MinimumVisualStudioVersion = 10.0.40219.1
Project("{FAE04EC0-301F-11D3-BF4B-00C04F79EFBC}") = "Registro_estacionamiento", "Registro_estacionamiento\Registro_estacionamiento.csproj", "{8D53F0F4-1B61-43B3-B0C4-79C8CFD31082}"
EndProject
Global
	GlobalSection(SolutionConfigurationPlatforms) = preSolution
		Debug|Any CPU = Debug|Any CPU
		Release|Any CPU = Release|Any CPU
	EndGlobalSection
	GlobalSection(ProjectConfigurationPlatforms) = postSolution
		{8D53F0F4-1B61-43B3-B0C4-79C8CFD31082}.Debug|Any CPU.ActiveCfg = Debug|Any CPU
		{8D53F0F4-1B61-43B3-B0C4-79C8CFD31082}.Debug|Any CPU.Build.0 = Debug|Any CPU
		{8D53F0F4-1B61-43B3-B0C4-79C8CFD31082}.Release|Any CPU.ActiveCfg = Release|Any CPU
		{8D53F0F4-1B61-43B3-B0C4-79C8CFD31082}.Release|Any CPU.Build.0 = Release|Any CPU
	EndGlobalSection
	GlobalSection(SolutionProperties) = preSolution
		HideSolutionNode = FALSE
	EndGlobalSection
	GlobalSection(ExtensibilityGlobals) = postSolution
		SolutionGuid = {1A632EFF-1EDA-4F9F-978A-437454590159}
	EndGlobalSection
EndGlobal
